
Microsoft Visual Studio Solution File, Format Version 12.00
# Visual Studio Version 16
VisualStudioVersion = 16.0.34407.143
MinimumVisualStudioVersion = 10.0.40219.1
Project("{9A19103F-16F7-4668-BE54-9A1E7A4F7556}") = "Workaround", "Workaround\Workaround.csproj", "{64549CC2-AB98-498A-AFF4-3123B796D7A2}"
EndProject
Project("{FAE04EC0-301F-11D3-BF4B-00C04F79EFBC}") = "Entities", "Entities\Entities.csproj", "{7037940C-BE79-4B6B-859A-C607004A03D8}"
EndProject
Project("{FAE04EC0-301F-11D3-BF4B-00C04F79EFBC}") = "Business", "Business\Business.csproj", "{0C0A5F65-176B-4E01-9375-243BBE3AD49C}"
EndProject
Global
	GlobalSection(SolutionConfigurationPlatforms) = preSolution
		Debug|Any CPU = Debug|Any CPU
		Release|Any CPU = Release|Any CPU
	EndGlobalSection
	GlobalSection(ProjectConfigurationPlatforms) = postSolution
		{64549CC2-AB98-498A-AFF4-3123B796D7A2}.Debug|Any CPU.ActiveCfg = Debug|Any CPU
		{64549CC2-AB98-498A-AFF4-3123B796D7A2}.Debug|Any CPU.Build.0 = Debug|Any CPU
		{64549CC2-AB98-498A-AFF4-3123B796D7A2}.Release|Any CPU.ActiveCfg = Release|Any CPU
		{64549CC2-AB98-498A-AFF4-3123B796D7A2}.Release|Any CPU.Build.0 = Release|Any CPU
		{7037940C-BE79-4B6B-859A-C607004A03D8}.Debug|Any CPU.ActiveCfg = Debug|Any CPU
		{7037940C-BE79-4B6B-859A-C607004A03D8}.Debug|Any CPU.Build.0 = Debug|Any CPU
		{7037940C-BE79-4B6B-859A-C607004A03D8}.Release|Any CPU.ActiveCfg = Release|Any CPU
		{7037940C-BE79-4B6B-859A-C607004A03D8}.Release|Any CPU.Build.0 = Release|Any CPU
		{0C0A5F65-176B-4E01-9375-243BBE3AD49C}.Debug|Any CPU.ActiveCfg = Debug|Any CPU
		{0C0A5F65-176B-4E01-9375-243BBE3AD49C}.Debug|Any CPU.Build.0 = Debug|Any CPU
		{0C0A5F65-176B-4E01-9375-243BBE3AD49C}.Release|Any CPU.ActiveCfg = Release|Any CPU
		{0C0A5F65-176B-4E01-9375-243BBE3AD49C}.Release|Any CPU.Build.0 = Release|Any CPU
	EndGlobalSection
	GlobalSection(SolutionProperties) = preSolution
		HideSolutionNode = FALSE
	EndGlobalSection
	GlobalSection(ExtensibilityGlobals) = postSolution
		SolutionGuid = {8AA1858B-A6BD-47F2-B7A3-472717427AFC}
	EndGlobalSection
EndGlobal
